
Microsoft Visual Studio Solution File, Format Version 12.00
# Visual Studio Version 17
VisualStudioVersion = 17.13.35919.96 d17.13
MinimumVisualStudioVersion = 10.0.40219.1
Project("{E24C65DC-7377-472B-9ABA-BC803B73C61A}") = "CL-Timemeter Web", ".", "{741E1D47-53EE-E38E-A408-82973A8850F4}"
	ProjectSection(WebsiteProperties) = preProject
		TargetFrameworkMoniker = ".NETFramework,Version%3Dv4.8"
		Debug.AspNetCompiler.VirtualPath = "/localhost_50191"
		Debug.AspNetCompiler.PhysicalPath = "..\CL-Timemeter Web\"
		Debug.AspNetCompiler.TargetPath = "PrecompiledWeb\localhost_50191\"
		Debug.AspNetCompiler.Updateable = "true"
		Debug.AspNetCompiler.ForceOverwrite = "true"
		Debug.AspNetCompiler.FixedNames = "false"
		Debug.AspNetCompiler.Debug = "True"
		Release.AspNetCompiler.VirtualPath = "/localhost_50191"
		Release.AspNetCompiler.PhysicalPath = "..\CL-Timemeter Web\"
		Release.AspNetCompiler.TargetPath = "PrecompiledWeb\localhost_50191\"
		Release.AspNetCompiler.Updateable = "true"
		Release.AspNetCompiler.ForceOverwrite = "true"
		Release.AspNetCompiler.FixedNames = "false"
		Release.AspNetCompiler.Debug = "False"
		VWDPort = "50191"
		SlnRelativePath = "..\CL-Timemeter Web\"
	EndProjectSection
EndProject
Global
	GlobalSection(SolutionConfigurationPlatforms) = preSolution
		Debug|Any CPU = Debug|Any CPU
	EndGlobalSection
	GlobalSection(ProjectConfigurationPlatforms) = postSolution
		{741E1D47-53EE-E38E-A408-82973A8850F4}.Debug|Any CPU.ActiveCfg = Debug|Any CPU
		{741E1D47-53EE-E38E-A408-82973A8850F4}.Debug|Any CPU.Build.0 = Debug|Any CPU
	EndGlobalSection
	GlobalSection(SolutionProperties) = preSolution
		HideSolutionNode = FALSE
	EndGlobalSection
	GlobalSection(ExtensibilityGlobals) = postSolution
		SolutionGuid = {75DDAE6D-B130-4A5A-B679-3E1B3C1EA0B3}
	EndGlobalSection
EndGlobal
